// !$*UTF8*$!
{
	archiveVersion = 1;
	classes = {
	};
	objectVersion = 50;
	objects = {

/* Begin PBXBuildFile section */
		BC038A6F266B84E00023897C /* AppDelegate.swift in Sources */ = {isa = PBXBuildFile; fileRef = BC038A6E266B84E00023897C /* AppDelegate.swift */; };
		BC038A71266B84E00023897C /* SceneDelegate.swift in Sources */ = {isa = PBXBuildFile; fileRef = BC038A70266B84E00023897C /* SceneDelegate.swift */; };
		BC038A73266B84E00023897C /* ViewController.swift in Sources */ = {isa = PBXBuildFile; fileRef = BC038A72266B84E00023897C /* ViewController.swift */; };
		BC038A76266B84E00023897C /* Main.storyboard in Resources */ = {isa = PBXBuildFile; fileRef = BC038A74266B84E00023897C /* Main.storyboard */; };
		BC038A78266B84E20023897C /* Assets.xcassets in Resources */ = {isa = PBXBuildFile; fileRef = BC038A77266B84E20023897C /* Assets.xcassets */; };
		BC038A7B266B84E20023897C /* LaunchScreen.storyboard in Resources */ = {isa = PBXBuildFile; fileRef = BC038A79266B84E20023897C /* LaunchScreen.storyboard */; };
		BC038A86266B84E20023897C /* _021_Spring_CheckWorkTests.swift in Sources */ = {isa = PBXBuildFile; fileRef = BC038A85266B84E20023897C /* _021_Spring_CheckWorkTests.swift */; };
		BC038A91266B84E20023897C /* _021_Spring_CheckWorkUITests.swift in Sources */ = {isa = PBXBuildFile; fileRef = BC038A90266B84E20023897C /* _021_Spring_CheckWorkUITests.swift */; };
/* End PBXBuildFile section */

/* Begin PBXContainerItemProxy section */
		BC038A82266B84E20023897C /* PBXContainerItemProxy */ = {
			isa = PBXContainerItemProxy;
			containerPortal = BC038A63266B84DF0023897C /* Project object */;
			proxyType = 1;
			remoteGlobalIDString = BC038A6A266B84E00023897C;
			remoteInfo = 2021.Spring.CheckWork;
		};
		BC038A8D266B84E20023897C /* PBXContainerItemProxy */ = {
			isa = PBXContainerItemProxy;
			containerPortal = BC038A63266B84DF0023897C /* Project object */;
			proxyType = 1;
			remoteGlobalIDString = BC038A6A266B84E00023897C;
			remoteInfo = 2021.Spring.CheckWork;
		};
/* End PBXContainerItemProxy section */

/* Begin PBXFileReference section */
		BC038A6B266B84E00023897C /* 2021.Spring.CheckWork.app */ = {isa = PBXFileReference; explicitFileType = wrapper.application; includeInIndex = 0; path = 2021.Spring.CheckWork.app; sourceTree = BUILT_PRODUCTS_DIR; };
		BC038A6E266B84E00023897C /* AppDelegate.swift */ = {isa = PBXFileReference; lastKnownFileType = sourcecode.swift; path = AppDelegate.swift; sourceTree = "<group>"; };
		BC038A70266B84E00023897C /* SceneDelegate.swift */ = {isa = PBXFileReference; lastKnownFileType = sourcecode.swift; path = SceneDelegate.swift; sourceTree = "<group>"; };
		BC038A72266B84E00023897C /* ViewController.swift */ = {isa = PBXFileReference; lastKnownFileType = sourcecode.swift; path = ViewController.swift; sourceTree = "<group>"; };
		BC038A75266B84E00023897C /* Base */ = {isa = PBXFileReference; lastKnownFileType = file.storyboard; name = Base; path = Base.lproj/Main.storyboard; sourceTree = "<group>"; };
		BC038A77266B84E20023897C /* Assets.xcassets */ = {isa = PBXFileReference; lastKnownFileType = folder.assetcatalog; path = Assets.xcassets; sourceTree = "<group>"; };
		BC038A7A266B84E20023897C /* Base */ = {isa = PBXFileReference; lastKnownFileType = file.storyboard; name = Base; path = Base.lproj/LaunchScreen.storyboard; sourceTree = "<group>"; };
		BC038A7C266B84E20023897C /* Info.plist */ = {isa = PBXFileReference; lastKnownFileType = text.plist.xml; path = Info.plist; sourceTree = "<group>"; };
		BC038A81266B84E20023897C /* 2021.Spring.CheckWorkTests.xctest */ = {isa = PBXFileReference; explicitFileType = wrapper.cfbundle; includeInIndex = 0; path = 2021.Spring.CheckWorkTests.xctest; sourceTree = BUILT_PRODUCTS_DIR; };
		BC038A85266B84E20023897C /* _021_Spring_CheckWorkTests.swift */ = {isa = PBXFileReference; lastKnownFileType = sourcecode.swift; path = _021_Spring_CheckWorkTests.swift; sourceTree = "<group>"; };
		BC038A87266B84E20023897C /* Info.plist */ = {isa = PBXFileReference; lastKnownFileType = text.plist.xml; path = Info.plist; sourceTree = "<group>"; };
		BC038A8C266B84E20023897C /* 2021.Spring.CheckWorkUITests.xctest */ = {isa = PBXFileReference; explicitFileType = wrapper.cfbundle; includeInIndex = 0; path = 2021.Spring.CheckWorkUITests.xctest; sourceTree = BUILT_PRODUCTS_DIR; };
		BC038A90266B84E20023897C /* _021_Spring_CheckWorkUITests.swift */ = {isa = PBXFileReference; lastKnownFileType = sourcecode.swift; path = _021_Spring_CheckWorkUITests.swift; sourceTree = "<group>"; };
		BC038A92266B84E20023897C /* Info.plist */ = {isa = PBXFileReference; lastKnownFileType = text.plist.xml; path = Info.plist; sourceTree = "<group>"; };
/* End PBXFileReference section */

/* Begin PBXFrameworksBuildPhase section */
		BC038A68266B84E00023897C /* Frameworks */ = {
			isa = PBXFrameworksBuildPhase;
			buildActionMask = 2147483647;
			files = (
			);
			runOnlyForDeploymentPostprocessing = 0;
		};
		BC038A7E266B84E20023897C /* Frameworks */ = {
			isa = PBXFrameworksBuildPhase;
			buildActionMask = 2147483647;
			files = (
			);
			runOnlyForDeploymentPostprocessing = 0;
		};
		BC038A89266B84E20023897C /* Frameworks */ = {
			isa = PBXFrameworksBuildPhase;
			buildActionMask = 2147483647;
			files = (
			);
			runOnlyForDeploymentPostprocessing = 0;
		};
/* End PBXFrameworksBuildPhase section */

/* Begin PBXGroup section */
		BC038A62266B84DF0023897C = {
			isa = PBXGroup;
			children = (
				BC038A6D266B84E00023897C /* 2021.Spring.CheckWork */,
				BC038A84266B84E20023897C /* 2021.Spring.CheckWorkTests */,
				BC038A8F266B84E20023897C /* 2021.Spring.CheckWorkUITests */,
				BC038A6C266B84E00023897C /* Products */,
			);
			sourceTree = "<group>";
		};
		BC038A6C266B84E00023897C /* Products */ = {
			isa = PBXGroup;
			children = (
				BC038A6B266B84E00023897C /* 2021.Spring.CheckWork.app */,
				BC038A81266B84E20023897C /* 2021.Spring.CheckWorkTests.xctest */,
				BC038A8C266B84E20023897C /* 2021.Spring.CheckWorkUITests.xctest */,
			);
			name = Products;
			sourceTree = "<group>";
		};
		BC038A6D266B84E00023897C /* 2021.Spring.CheckWork */ = {
			isa = PBXGroup;
			children = (
				BC038A6E266B84E00023897C /* AppDelegate.swift */,
				BC038A70266B84E00023897C /* SceneDelegate.swift */,
				BC038A72266B84E00023897C /* ViewController.swift */,
				BC038A74266B84E00023897C /* Main.storyboard */,
				BC038A77266B84E20023897C /* Assets.xcassets */,
				BC038A79266B84E20023897C /* LaunchScreen.storyboard */,
				BC038A7C266B84E20023897C /* Info.plist */,
			);
			path = 2021.Spring.CheckWork;
			sourceTree = "<group>";
		};
		BC038A84266B84E20023897C /* 2021.Spring.CheckWorkTests */ = {
			isa = PBXGroup;
			children = (
				BC038A85266B84E20023897C /* _021_Spring_CheckWorkTests.swift */,
				BC038A87266B84E20023897C /* Info.plist */,
			);
			path = 2021.Spring.CheckWorkTests;
			sourceTree = "<group>";
		};
		BC038A8F266B84E20023897C /* 2021.Spring.CheckWorkUITests */ = {
			isa = PBXGroup;
			children = (
				BC038A90266B84E20023897C /* _021_Spring_CheckWorkUITests.swift */,
				BC038A92266B84E20023897C /* Info.plist */,
			);
			path = 2021.Spring.CheckWorkUITests;
			sourceTree = "<group>";
		};
/* End PBXGroup section */

/* Begin PBXNativeTarget section */
		BC038A6A266B84E00023897C /* 2021.Spring.CheckWork */ = {
			isa = PBXNativeTarget;
			buildConfigurationList = BC038A95266B84E20023897C /* Build configuration list for PBXNativeTarget "2021.Spring.CheckWork" */;
			buildPhases = (
				BC038A67266B84E00023897C /* Sources */,
				BC038A68266B84E00023897C /* Frameworks */,
				BC038A69266B84E00023897C /* Resources */,
			);
			buildRules = (
			);
			dependencies = (
			);
			name = 2021.Spring.CheckWork;
			productName = 2021.Spring.CheckWork;
			productReference = BC038A6B266B84E00023897C /* 2021.Spring.CheckWork.app */;
			productType = "com.apple.product-type.application";
		};
		BC038A80266B84E20023897C /* 2021.Spring.CheckWorkTests */ = {
			isa = PBXNativeTarget;
			buildConfigurationList = BC038A98266B84E20023897C /* Build configuration list for PBXNativeTarget "2021.Spring.CheckWorkTests" */;
			buildPhases = (
				BC038A7D266B84E20023897C /* Sources */,
				BC038A7E266B84E20023897C /* Frameworks */,
				BC038A7F266B84E20023897C /* Resources */,
			);
			buildRules = (
			);
			dependencies = (
				BC038A83266B84E20023897C /* PBXTargetDependency */,
			);
			name = 2021.Spring.CheckWorkTests;
			productName = 2021.Spring.CheckWorkTests;
			productReference = BC038A81266B84E20023897C /* 2021.Spring.CheckWorkTests.xctest */;
			productType = "com.apple.product-type.bundle.unit-test";
		};
		BC038A8B266B84E20023897C /* 2021.Spring.CheckWorkUITests */ = {
			isa = PBXNativeTarget;
			buildConfigurationList = BC038A9B266B84E20023897C /* Build configuration list for PBXNativeTarget "2021.Spring.CheckWorkUITests" */;
			buildPhases = (
				BC038A88266B84E20023897C /* Sources */,
				BC038A89266B84E20023897C /* Frameworks */,
				BC038A8A266B84E20023897C /* Resources */,
			);
			buildRules = (
			);
			dependencies = (
				BC038A8E266B84E20023897C /* PBXTargetDependency */,
			);
			name = 2021.Spring.CheckWorkUITests;
			productName = 2021.Spring.CheckWorkUITests;
			productReference = BC038A8C266B84E20023897C /* 2021.Spring.CheckWorkUITests.xctest */;
			productType = "com.apple.product-type.bundle.ui-testing";
		};
/* End PBXNativeTarget section */

/* Begin PBXProject section */
		BC038A63266B84DF0023897C /* Project object */ = {
			isa = PBXProject;
			attributes = {
				LastSwiftUpdateCheck = 1210;
				LastUpgradeCheck = 1210;
				TargetAttributes = {
					BC038A6A266B84E00023897C = {
						CreatedOnToolsVersion = 12.1;
					};
					BC038A80266B84E20023897C = {
						CreatedOnToolsVersion = 12.1;
						TestTargetID = BC038A6A266B84E00023897C;
					};
					BC038A8B266B84E20023897C = {
						CreatedOnToolsVersion = 12.1;
						TestTargetID = BC038A6A266B84E00023897C;
					};
				};
			};
			buildConfigurationList = BC038A66266B84DF0023897C /* Build configuration list for PBXProject "2021.Spring.CheckWork" */;
			compatibilityVersion = "Xcode 9.3";
			developmentRegion = en;
			hasScannedForEncodings = 0;
			knownRegions = (
				en,
				Base,
			);
			mainGroup = BC038A62266B84DF0023897C;
			productRefGroup = BC038A6C266B84E00023897C /* Products */;
			projectDirPath = "";
			projectRoot = "";
			targets = (
				BC038A6A266B84E00023897C /* 2021.Spring.CheckWork */,
				BC038A80266B84E20023897C /* 2021.Spring.CheckWorkTests */,
				BC038A8B266B84E20023897C /* 2021.Spring.CheckWorkUITests */,
			);
		};
/* End PBXProject section */

/* Begin PBXResourcesBuildPhase section */
		BC038A69266B84E00023897C /* Resources */ = {
			isa = PBXResourcesBuildPhase;
			buildActionMask = 2147483647;
			files = (
				BC038A7B266B84E20023897C /* LaunchScreen.storyboard in Resources */,
				BC038A78266B84E20023897C /* Assets.xcassets in Resources */,
				BC038A76266B84E00023897C /* Main.storyboard in Resources */,
			);
			runOnlyForDeploymentPostprocessing = 0;
		};
		BC038A7F266B84E20023897C /* Resources */ = {
			isa = PBXResourcesBuildPhase;
			buildActionMask = 2147483647;
			files = (
			);
			runOnlyForDeploymentPostprocessing = 0;
		};
		BC038A8A266B84E20023897C /* Resources */ = {
			isa = PBXResourcesBuildPhase;
			buildActionMask = 2147483647;
			files = (
			);
			runOnlyForDeploymentPostprocessing = 0;
		};
/* End PBXResourcesBuildPhase section */

/* Begin PBXSourcesBuildPhase section */
		BC038A67266B84E00023897C /* Sources */ = {
			isa = PBXSourcesBuildPhase;
			buildActionMask = 2147483647;
			files = (
				BC038A73266B84E00023897C /* ViewController.swift in Sources */,
				BC038A6F266B84E00023897C /* AppDelegate.swift in Sources */,
				BC038A71266B84E00023897C /* SceneDelegate.swift in Sources */,
			);
			runOnlyForDeploymentPostprocessing = 0;
		};
		BC038A7D266B84E20023897C /* Sources */ = {
			isa = PBXSourcesBuildPhase;
			buildActionMask = 2147483647;
			files = (
				BC038A86266B84E20023897C /* _021_Spring_CheckWorkTests.swift in Sources */,
			);
			runOnlyForDeploymentPostprocessing = 0;
		};
		BC038A88266B84E20023897C /* Sources */ = {
			isa = PBXSourcesBuildPhase;
			buildActionMask = 2147483647;
			files = (
				BC038A91266B84E20023897C /* _021_Spring_CheckWorkUITests.swift in Sources */,
			);
			runOnlyForDeploymentPostprocessing = 0;
		};
/* End PBXSourcesBuildPhase section */

/* Begin PBXTargetDependency section */
		BC038A83266B84E20023897C /* PBXTargetDependency */ = {
			isa = PBXTargetDependency;
			target = BC038A6A266B84E00023897C /* 2021.Spring.CheckWork */;
			targetProxy = BC038A82266B84E20023897C /* PBXContainerItemProxy */;
		};
		BC038A8E266B84E20023897C /* PBXTargetDependency */ = {
			isa = PBXTargetDependency;
			target = BC038A6A266B84E00023897C /* 2021.Spring.CheckWork */;
			targetProxy = BC038A8D266B84E20023897C /* PBXContainerItemProxy */;
		};
/* End PBXTargetDependency section */

/* Begin PBXVariantGroup section */
		BC038A74266B84E00023897C /* Main.storyboard */ = {
			isa = PBXVariantGroup;
			children = (
				BC038A75266B84E00023897C /* Base */,
			);
			name = Main.storyboard;
			sourceTree = "<group>";
		};
		BC038A79266B84E20023897C /* LaunchScreen.storyboard */ = {
			isa = PBXVariantGroup;
			children = (
				BC038A7A266B84E20023897C /* Base */,
			);
			name = LaunchScreen.storyboard;
			sourceTree = "<group>";
		};
/* End PBXVariantGroup section */

/* Begin XCBuildConfiguration section */
		BC038A93266B84E20023897C /* Debug */ = {
			isa = XCBuildConfiguration;
			buildSettings = {
				ALWAYS_SEARCH_USER_PATHS = NO;
				CLANG_ANALYZER_NONNULL = YES;
				CLANG_ANALYZER_NUMBER_OBJECT_CONVERSION = YES_AGGRESSIVE;
				CLANG_CXX_LANGUAGE_STANDARD = "gnu++14";
				CLANG_CXX_LIBRARY = "libc++";
				CLANG_ENABLE_MODULES = YES;
				CLANG_ENABLE_OBJC_ARC = YES;
				CLANG_ENABLE_OBJC_WEAK = YES;
				CLANG_WARN_BLOCK_CAPTURE_AUTORELEASING = YES;
				CLANG_WARN_BOOL_CONVERSION = YES;
				CLANG_WARN_COMMA = YES;
				CLANG_WARN_CONSTANT_CONVERSION = YES;
				CLANG_WARN_DEPRECATED_OBJC_IMPLEMENTATIONS = YES;
				CLANG_WARN_DIRECT_OBJC_ISA_USAGE = YES_ERROR;
				CLANG_WARN_DOCUMENTATION_COMMENTS = YES;
				CLANG_WARN_EMPTY_BODY = YES;
				CLANG_WARN_ENUM_CONVERSION = YES;
				CLANG_WARN_INFINITE_RECURSION = YES;
				CLANG_WARN_INT_CONVERSION = YES;
				CLANG_WARN_NON_LITERAL_NULL_CONVERSION = YES;
				CLANG_WARN_OBJC_IMPLICIT_RETAIN_SELF = YES;
				CLANG_WARN_OBJC_LITERAL_CONVERSION = YES;
				CLANG_WARN_OBJC_ROOT_CLASS = YES_ERROR;
				CLANG_WARN_QUOTED_INCLUDE_IN_FRAMEWORK_HEADER = YES;
				CLANG_WARN_RANGE_LOOP_ANALYSIS = YES;
				CLANG_WARN_STRICT_PROTOTYPES = YES;
				CLANG_WARN_SUSPICIOUS_MOVE = YES;
				CLANG_WARN_UNGUARDED_AVAILABILITY = YES_AGGRESSIVE;
				CLANG_WARN_UNREACHABLE_CODE = YES;
				CLANG_WARN__DUPLICATE_METHOD_MATCH = YES;
				COPY_PHASE_STRIP = NO;
				DEBUG_INFORMATION_FORMAT = dwarf;
				ENABLE_STRICT_OBJC_MSGSEND = YES;
				ENABLE_TESTABILITY = YES;
				GCC_C_LANGUAGE_STANDARD = gnu11;
				GCC_DYNAMIC_NO_PIC = NO;
				GCC_NO_COMMON_BLOCKS = YES;
				GCC_OPTIMIZATION_LEVEL = 0;
				GCC_PREPROCESSOR_DEFINITIONS = (
					"DEBUG=1",
					"$(inherited)",
				);
				GCC_WARN_64_TO_32_BIT_CONVERSION = YES;
				GCC_WARN_ABOUT_RETURN_TYPE = YES_ERROR;
				GCC_WARN_UNDECLARED_SELECTOR = YES;
				GCC_WARN_UNINITIALIZED_AUTOS = YES_AGGRESSIVE;
				GCC_WARN_UNUSED_FUNCTION = YES;
				GCC_WARN_UNUSED_VARIABLE = YES;
				IPHONEOS_DEPLOYMENT_TARGET = 14.1;
				MTL_ENABLE_DEBUG_INFO = INCLUDE_SOURCE;
				MTL_FAST_MATH = YES;
				ONLY_ACTIVE_ARCH = YES;
				SDKROOT = iphoneos;
				SWIFT_ACTIVE_COMPILATION_CONDITIONS = DEBUG;
				SWIFT_OPTIMIZATION_LEVEL = "-Onone";
			};
			name = Debug;
		};
		BC038A94266B84E20023897C /* Release */ = {
			isa = XCBuildConfiguration;
			buildSettings = {
				ALWAYS_SEARCH_USER_PATHS = NO;
				CLANG_ANALYZER_NONNULL = YES;
				CLANG_ANALYZER_NUMBER_OBJECT_CONVERSION = YES_AGGRESSIVE;
				CLANG_CXX_LANGUAGE_STANDARD = "gnu++14";
				CLANG_CXX_LIBRARY = "libc++";
				CLANG_ENABLE_MODULES = YES;
				CLANG_ENABLE_OBJC_ARC = YES;
				CLANG_ENABLE_OBJC_WEAK = YES;
				CLANG_WARN_BLOCK_CAPTURE_AUTORELEASING = YES;
				CLANG_WARN_BOOL_CONVERSION = YES;
				CLANG_WARN_COMMA = YES;
				CLANG_WARN_CONSTANT_CONVERSION = YES;
				CLANG_WARN_DEPRECATED_OBJC_IMPLEMENTATIONS = YES;
				CLANG_WARN_DIRECT_OBJC_ISA_USAGE = YES_ERROR;
				CLANG_WARN_DOCUMENTATION_COMMENTS = YES;
				CLANG_WARN_EMPTY_BODY = YES;
				CLANG_WARN_ENUM_CONVERSION = YES;
				CLANG_WARN_INFINITE_RECURSION = YES;
				CLANG_WARN_INT_CONVERSION = YES;
				CLANG_WARN_NON_LITERAL_NULL_CONVERSION = YES;
				CLANG_WARN_OBJC_IMPLICIT_RETAIN_SELF = YES;
				CLANG_WARN_OBJC_LITERAL_CONVERSION = YES;
				CLANG_WARN_OBJC_ROOT_CLASS = YES_ERROR;
				CLANG_WARN_QUOTED_INCLUDE_IN_FRAMEWORK_HEADER = YES;
				CLANG_WARN_RANGE_LOOP_ANALYSIS = YES;
				CLANG_WARN_STRICT_PROTOTYPES = YES;
				CLANG_WARN_SUSPICIOUS_MOVE = YES;
				CLANG_WARN_UNGUARDED_AVAILABILITY = YES_AGGRESSIVE;
				CLANG_WARN_UNREACHABLE_CODE = YES;
				CLANG_WARN__DUPLICATE_METHOD_MATCH = YES;
				COPY_PHASE_STRIP = NO;
				DEBUG_INFORMATION_FORMAT = "dwarf-with-dsym";
				ENABLE_NS_ASSERTIONS = NO;
				ENABLE_STRICT_OBJC_MSGSEND = YES;
				GCC_C_LANGUAGE_STANDARD = gnu11;
				GCC_NO_COMMON_BLOCKS = YES;
				GCC_WARN_64_TO_32_BIT_CONVERSION = YES;
				GCC_WARN_ABOUT_RETURN_TYPE = YES_ERROR;
				GCC_WARN_UNDECLARED_SELECTOR = YES;
				GCC_WARN_UNINITIALIZED_AUTOS = YES_AGGRESSIVE;
				GCC_WARN_UNUSED_FUNCTION = YES;
				GCC_WARN_UNUSED_VARIABLE = YES;
				IPHONEOS_DEPLOYMENT_TARGET = 14.1;
				MTL_ENABLE_DEBUG_INFO = NO;
				MTL_FAST_MATH = YES;
				SDKROOT = iphoneos;
				SWIFT_COMPILATION_MODE = wholemodule;
				SWIFT_OPTIMIZATION_LEVEL = "-O";
				VALIDATE_PRODUCT = YES;
			};
			name = Release;
		};
		BC038A96266B84E20023897C /* Debug */ = {
			isa = XCBuildConfiguration;
			buildSettings = {
				ASSETCATALOG_COMPILER_APPICON_NAME = AppIcon;
				ASSETCATALOG_COMPILER_GLOBAL_ACCENT_COLOR_NAME = AccentColor;
				CODE_SIGN_STYLE = Automatic;
				INFOPLIST_FILE = 2021.Spring.CheckWork/Info.plist;
				LD_RUNPATH_SEARCH_PATHS = (
					"$(inherited)",
					"@executable_path/Frameworks",
				);
				PRODUCT_BUNDLE_IDENTIFIER = "app.kumagai-rin.-021-Spring-CheckWork";
				PRODUCT_NAME = "$(TARGET_NAME)";
				SWIFT_VERSION = 5.0;
				TARGETED_DEVICE_FAMILY = "1,2";
			};
			name = Debug;
		};
		BC038A97266B84E20023897C /* Release */ = {
			isa = XCBuildConfiguration;
			buildSettings = {
				ASSETCATALOG_COMPILER_APPICON_NAME = AppIcon;
				ASSETCATALOG_COMPILER_GLOBAL_ACCENT_COLOR_NAME = AccentColor;
				CODE_SIGN_STYLE = Automatic;
				INFOPLIST_FILE = 2021.Spring.CheckWork/Info.plist;
				LD_RUNPATH_SEARCH_PATHS = (
					"$(inherited)",
					"@executable_path/Frameworks",
				);
				PRODUCT_BUNDLE_IDENTIFIER = "app.kumagai-rin.-021-Spring-CheckWork";
				PRODUCT_NAME = "$(TARGET_NAME)";
				SWIFT_VERSION = 5.0;
				TARGETED_DEVICE_FAMILY = "1,2";
			};
			name = Release;
		};
		BC038A99266B84E20023897C /* Debug */ = {
			isa = XCBuildConfiguration;
			buildSettings = {
				ALWAYS_EMBED_SWIFT_STANDARD_LIBRARIES = YES;
				BUNDLE_LOADER = "$(TEST_HOST)";
				CODE_SIGN_STYLE = Automatic;
				INFOPLIST_FILE = 2021.Spring.CheckWorkTests/Info.plist;
				IPHONEOS_DEPLOYMENT_TARGET = 14.1;
				LD_RUNPATH_SEARCH_PATHS = (
					"$(inherited)",
					"@executable_path/Frameworks",
					"@loader_path/Frameworks",
				);
				PRODUCT_BUNDLE_IDENTIFIER = "app.kumagai-rin.-021-Spring-CheckWorkTests";
				PRODUCT_NAME = "$(TARGET_NAME)";
				SWIFT_VERSION = 5.0;
				TARGETED_DEVICE_FAMILY = "1,2";
				TEST_HOST = "$(BUILT_PRODUCTS_DIR)/2021.Spring.CheckWork.app/2021.Spring.CheckWork";
			};
			name = Debug;
		};
		BC038A9A266B84E20023897C /* Release */ = {
			isa = XCBuildConfiguration;
			buildSettings = {
				ALWAYS_EMBED_SWIFT_STANDARD_LIBRARIES = YES;
				BUNDLE_LOADER = "$(TEST_HOST)";
				CODE_SIGN_STYLE = Automatic;
				INFOPLIST_FILE = 2021.Spring.CheckWorkTests/Info.plist;
				IPHONEOS_DEPLOYMENT_TARGET = 14.1;
				LD_RUNPATH_SEARCH_PATHS = (
					"$(inherited)",
					"@executable_path/Frameworks",
					"@loader_path/Frameworks",
				);
				PRODUCT_BUNDLE_IDENTIFIER = "app.kumagai-rin.-021-Spring-CheckWorkTests";
				PRODUCT_NAME = "$(TARGET_NAME)";
				SWIFT_VERSION = 5.0;
				TARGETED_DEVICE_FAMILY = "1,2";
				TEST_HOST = "$(BUILT_PRODUCTS_DIR)/2021.Spring.CheckWork.app/2021.Spring.CheckWork";
			};
			name = Release;
		};
		BC038A9C266B84E20023897C /* Debug */ = {
			isa = XCBuildConfiguration;
			buildSettings = {
				ALWAYS_EMBED_SWIFT_STANDARD_LIBRARIES = YES;
				CODE_SIGN_STYLE = Automatic;
				INFOPLIST_FILE = 2021.Spring.CheckWorkUITests/Info.plist;
				LD_RUNPATH_SEARCH_PATHS = (
					"$(inherited)",
					"@executable_path/Frameworks",
					"@loader_path/Frameworks",
				);
				PRODUCT_BUNDLE_IDENTIFIER = "app.kumagai-rin.-021-Spring-CheckWorkUITests";
				PRODUCT_NAME = "$(TARGET_NAME)";
				SWIFT_VERSION = 5.0;
				TARGETED_DEVICE_FAMILY = "1,2";
				TEST_TARGET_NAME = 2021.Spring.CheckWork;
			};
			name = Debug;
		};
		BC038A9D266B84E20023897C /* Release */ = {
			isa = XCBuildConfiguration;
			buildSettings = {
				ALWAYS_EMBED_SWIFT_STANDARD_LIBRARIES = YES;
				CODE_SIGN_STYLE = Automatic;
				INFOPLIST_FILE = 2021.Spring.CheckWorkUITests/Info.plist;
				LD_RUNPATH_SEARCH_PATHS = (
					"$(inherited)",
					"@executable_path/Frameworks",
					"@loader_path/Frameworks",
				);
				PRODUCT_BUNDLE_IDENTIFIER = "app.kumagai-rin.-021-Spring-CheckWorkUITests";
				PRODUCT_NAME = "$(TARGET_NAME)";
				SWIFT_VERSION = 5.0;
				TARGETED_DEVICE_FAMILY = "1,2";
				TEST_TARGET_NAME = 2021.Spring.CheckWork;
			};
			name = Release;
		};
/* End XCBuildConfiguration section */

/* Begin XCConfigurationList section */
		BC038A66266B84DF0023897C /* Build configuration list for PBXProject "2021.Spring.CheckWork" */ = {
			isa = XCConfigurationList;
			buildConfigurations = (
				BC038A93266B84E20023897C /* Debug */,
				BC038A94266B84E20023897C /* Release */,
			);
			defaultConfigurationIsVisible = 0;
			defaultConfigurationName = Release;
		};
		BC038A95266B84E20023897C /* Build configuration list for PBXNativeTarget "2021.Spring.CheckWork" */ = {
			isa = XCConfigurationList;
			buildConfigurations = (
				BC038A96266B84E20023897C /* Debug */,
				BC038A97266B84E20023897C /* Release */,
			);
			defaultConfigurationIsVisible = 0;
			defaultConfigurationName = Release;
		};
		BC038A98266B84E20023897C /* Build configuration list for PBXNativeTarget "2021.Spring.CheckWorkTests" */ = {
			isa = XCConfigurationList;
			buildConfigurations = (
				BC038A99266B84E20023897C /* Debug */,
				BC038A9A266B84E20023897C /* Release */,
			);
			defaultConfigurationIsVisible = 0;
			defaultConfigurationName = Release;
		};
		BC038A9B266B84E20023897C /* Build configuration list for PBXNativeTarget "2021.Spring.CheckWorkUITests" */ = {
			isa = XCConfigurationList;
			buildConfigurations = (
				BC038A9C266B84E20023897C /* Debug */,
				BC038A9D266B84E20023897C /* Release */,
			);
			defaultConfigurationIsVisible = 0;
			defaultConfigurationName = Release;
		};
/* End XCConfigurationList section */
	};
	rootObject = BC038A63266B84DF0023897C /* Project object */;
}
